// !$*UTF8*$!
{
	archiveVersion = 1;
	classes = {
	};
	objectVersion = 46;
	objects = {

/* Begin PBXBuildFile section */
		3380FD4273234282C7644284 /* Pods_Recruitment_iOS.framework in Frameworks */ = {isa = PBXBuildFile; fileRef = 6CC69739C530DD8D00942943 /* Pods_Recruitment_iOS.framework */; };
		A4802C381D8ACB320032AF25 /* AppDelegate.swift in Sources */ = {isa = PBXBuildFile; fileRef = A4802C321D8ACB320032AF25 /* AppDelegate.swift */; };
		A4802C3A1D8ACB320032AF25 /* Assets.xcassets in Resources */ = {isa = PBXBuildFile; fileRef = A4802C341D8ACB320032AF25 /* Assets.xcassets */; };
		A4802C3B1D8ACB320032AF25 /* LaunchScreen.storyboard in Resources */ = {isa = PBXBuildFile; fileRef = A4802C351D8ACB320032AF25 /* LaunchScreen.storyboard */; };
		A4802C461D8ACB7B0032AF25 /* Items.json in Resources */ = {isa = PBXBuildFile; fileRef = A4802C401D8ACB7B0032AF25 /* Items.json */; };
		A4802C471D8ACB7B0032AF25 /* Item1.json in Resources */ = {isa = PBXBuildFile; fileRef = A4802C411D8ACB7B0032AF25 /* Item1.json */; };
		A4802C481D8ACB7B0032AF25 /* Item2.json in Resources */ = {isa = PBXBuildFile; fileRef = A4802C421D8ACB7B0032AF25 /* Item2.json */; };
		A4802C491D8ACB7B0032AF25 /* Item3.json in Resources */ = {isa = PBXBuildFile; fileRef = A4802C431D8ACB7B0032AF25 /* Item3.json */; };
		A4802C4A1D8ACB7B0032AF25 /* Item4.json in Resources */ = {isa = PBXBuildFile; fileRef = A4802C441D8ACB7B0032AF25 /* Item4.json */; };
		A4802C4B1D8ACB7B0032AF25 /* Item5.json in Resources */ = {isa = PBXBuildFile; fileRef = A4802C451D8ACB7B0032AF25 /* Item5.json */; };
		A4802C501D8ACB840032AF25 /* ItemModel.swift in Sources */ = {isa = PBXBuildFile; fileRef = A4802C4C1D8ACB840032AF25 /* ItemModel.swift */; };
		A4802C511D8ACB840032AF25 /* JSONParser.swift in Sources */ = {isa = PBXBuildFile; fileRef = A4802C4D1D8ACB840032AF25 /* JSONParser.swift */; };
		A4802C521D8ACB840032AF25 /* NetworkingManager.swift in Sources */ = {isa = PBXBuildFile; fileRef = A4802C4E1D8ACB840032AF25 /* NetworkingManager.swift */; };
		A4802C531D8ACB840032AF25 /* ItemDetailsModel.swift in Sources */ = {isa = PBXBuildFile; fileRef = A4802C4F1D8ACB840032AF25 /* ItemDetailsModel.swift */; };
		DE259AD427258935000E2694 /* Coordinator+Restart.swift in Sources */ = {isa = PBXBuildFile; fileRef = DE259AD327258935000E2694 /* Coordinator+Restart.swift */; };
		DE259AD62725898F000E2694 /* NotificationName+Restart.swift in Sources */ = {isa = PBXBuildFile; fileRef = DE259AD52725898F000E2694 /* NotificationName+Restart.swift */; };
		DE5F014D2724BA00004A6E11 /* MenuTab.swift in Sources */ = {isa = PBXBuildFile; fileRef = DE5F014C2724BA00004A6E11 /* MenuTab.swift */; };
		DE5F014F2724BAED004A6E11 /* MenuCoordinator.swift in Sources */ = {isa = PBXBuildFile; fileRef = DE5F014E2724BAED004A6E11 /* MenuCoordinator.swift */; };
		DE5F01522724BBE3004A6E11 /* TableViewTabCoordinator.swift in Sources */ = {isa = PBXBuildFile; fileRef = DE5F01512724BBE3004A6E11 /* TableViewTabCoordinator.swift */; };
		DE5F01542724BC51004A6E11 /* CollectionViewTabCoordinator.swift in Sources */ = {isa = PBXBuildFile; fileRef = DE5F01532724BC51004A6E11 /* CollectionViewTabCoordinator.swift */; };
		DE5F01562724BC83004A6E11 /* TableViewCoordinator.swift in Sources */ = {isa = PBXBuildFile; fileRef = DE5F01552724BC83004A6E11 /* TableViewCoordinator.swift */; };
		DE5F01592724BCDF004A6E11 /* CollectionViewCoordinator.swift in Sources */ = {isa = PBXBuildFile; fileRef = DE5F01582724BCDF004A6E11 /* CollectionViewCoordinator.swift */; };
		DE5F015B2724BD73004A6E11 /* Menu.storyboard in Resources */ = {isa = PBXBuildFile; fileRef = DE5F015A2724BD73004A6E11 /* Menu.storyboard */; };
		DE5F015D2724BDA4004A6E11 /* MenuViewController.swift in Sources */ = {isa = PBXBuildFile; fileRef = DE5F015C2724BDA4004A6E11 /* MenuViewController.swift */; };
		DE5F015F2724C5E0004A6E11 /* Table.storyboard in Resources */ = {isa = PBXBuildFile; fileRef = DE5F015E2724C5E0004A6E11 /* Table.storyboard */; };
		DE5F01612724C6B3004A6E11 /* TableViewController.swift in Sources */ = {isa = PBXBuildFile; fileRef = DE5F01602724C6B3004A6E11 /* TableViewController.swift */; };
		DE5F01632724C710004A6E11 /* TableView.swift in Sources */ = {isa = PBXBuildFile; fileRef = DE5F01622724C710004A6E11 /* TableView.swift */; };
		DE5F01652724C75B004A6E11 /* TableViewModel.swift in Sources */ = {isa = PBXBuildFile; fileRef = DE5F01642724C75B004A6E11 /* TableViewModel.swift */; };
		DE61761D2725778A00E58CEA /* Collection.storyboard in Resources */ = {isa = PBXBuildFile; fileRef = DE61761C2725778A00E58CEA /* Collection.storyboard */; };
		DE61761F272577C500E58CEA /* CollectionView.swift in Sources */ = {isa = PBXBuildFile; fileRef = DE61761E272577C500E58CEA /* CollectionView.swift */; };
		DE617621272577E200E58CEA /* CollectionViewController.swift in Sources */ = {isa = PBXBuildFile; fileRef = DE617620272577E200E58CEA /* CollectionViewController.swift */; };
		DE8EB81E2724DF04008C00A9 /* Details.storyboard in Resources */ = {isa = PBXBuildFile; fileRef = DE8EB81D2724DF04008C00A9 /* Details.storyboard */; };
		DE8EB8202724DF4E008C00A9 /* DetailsView.swift in Sources */ = {isa = PBXBuildFile; fileRef = DE8EB81F2724DF4E008C00A9 /* DetailsView.swift */; };
		DE8EB8222724DF83008C00A9 /* DetailsViewController.swift in Sources */ = {isa = PBXBuildFile; fileRef = DE8EB8212724DF83008C00A9 /* DetailsViewController.swift */; };
		DE8EB8242724DFB6008C00A9 /* DetailsViewModel.swift in Sources */ = {isa = PBXBuildFile; fileRef = DE8EB8232724DFB6008C00A9 /* DetailsViewModel.swift */; };
		DEA0BCBD272578A6007592CC /* CollectionViewModel.swift in Sources */ = {isa = PBXBuildFile; fileRef = DEA0BCBC272578A6007592CC /* CollectionViewModel.swift */; };
		DEA0BCC027257C1E007592CC /* CollectionViewCell.xib in Resources */ = {isa = PBXBuildFile; fileRef = DEA0BCBF27257C1E007592CC /* CollectionViewCell.xib */; };
		DEA0BCC227257C5B007592CC /* CollectionViewCell.swift in Sources */ = {isa = PBXBuildFile; fileRef = DEA0BCC127257C5B007592CC /* CollectionViewCell.swift */; };
		DEB6FB992724F28900E3A780 /* TableViewCell.swift in Sources */ = {isa = PBXBuildFile; fileRef = DEB6FB982724F28900E3A780 /* TableViewCell.swift */; };
		DEB6FB9B2724F2AB00E3A780 /* TableViewCell.xib in Resources */ = {isa = PBXBuildFile; fileRef = DEB6FB9A2724F2AB00E3A780 /* TableViewCell.xib */; };
		DEF1EFCD27246F5A003A26DD /* R.generated.swift in Sources */ = {isa = PBXBuildFile; fileRef = DEF1EFCC27246F5A003A26DD /* R.generated.swift */; };
		DEF1EFD4272482B0003A26DD /* Coordinator.swift in Sources */ = {isa = PBXBuildFile; fileRef = DEF1EFD3272482B0003A26DD /* Coordinator.swift */; };
		DEF1EFD627248305003A26DD /* RxViewController.swift in Sources */ = {isa = PBXBuildFile; fileRef = DEF1EFD527248305003A26DD /* RxViewController.swift */; };
		DEF1EFD827248313003A26DD /* RxView.swift in Sources */ = {isa = PBXBuildFile; fileRef = DEF1EFD727248313003A26DD /* RxView.swift */; };
		DEF1EFDA2724831F003A26DD /* ViewModel.swift in Sources */ = {isa = PBXBuildFile; fileRef = DEF1EFD92724831F003A26DD /* ViewModel.swift */; };
		DEF1EFDF2724838C003A26DD /* Observable+Queue.swift in Sources */ = {isa = PBXBuildFile; fileRef = DEF1EFDE2724838C003A26DD /* Observable+Queue.swift */; };
		DEF1EFE527248DF3003A26DD /* ItemsRepository.swift in Sources */ = {isa = PBXBuildFile; fileRef = DEF1EFE427248DF3003A26DD /* ItemsRepository.swift */; };
		DEF1EFE827248EA6003A26DD /* Repository.swift in Sources */ = {isa = PBXBuildFile; fileRef = DEF1EFE727248EA6003A26DD /* Repository.swift */; };
		DEF1EFEB27249A0C003A26DD /* ItemsMapper.swift in Sources */ = {isa = PBXBuildFile; fileRef = DEF1EFEA27249A0C003A26DD /* ItemsMapper.swift */; };
		DEF1EFED27249B2F003A26DD /* DataMapperError.swift in Sources */ = {isa = PBXBuildFile; fileRef = DEF1EFEC27249B2F003A26DD /* DataMapperError.swift */; };
		DEF1EFEF2724A582003A26DD /* Client.swift in Sources */ = {isa = PBXBuildFile; fileRef = DEF1EFEE2724A582003A26DD /* Client.swift */; };
		DEF1EFF62724B00F003A26DD /* StartView.swift in Sources */ = {isa = PBXBuildFile; fileRef = DEF1EFF52724B00F003A26DD /* StartView.swift */; };
		DEF1EFF82724B025003A26DD /* Start.storyboard in Resources */ = {isa = PBXBuildFile; fileRef = DEF1EFF72724B025003A26DD /* Start.storyboard */; };
		DEF1EFFA2724B032003A26DD /* StartViewController.swift in Sources */ = {isa = PBXBuildFile; fileRef = DEF1EFF92724B032003A26DD /* StartViewController.swift */; };
		DEF1EFFC2724B03C003A26DD /* StartViewModel.swift in Sources */ = {isa = PBXBuildFile; fileRef = DEF1EFFB2724B03C003A26DD /* StartViewModel.swift */; };
		DEF1EFFE2724B0A5003A26DD /* StartCoordinator.swift in Sources */ = {isa = PBXBuildFile; fileRef = DEF1EFFD2724B0A5003A26DD /* StartCoordinator.swift */; };
/* End PBXBuildFile section */

/* Begin PBXFileReference section */
		26849FA2A69867B7EF617547 /* Pods-Recruitment-iOS.release.xcconfig */ = {isa = PBXFileReference; includeInIndex = 1; lastKnownFileType = text.xcconfig; name = "Pods-Recruitment-iOS.release.xcconfig"; path = "Target Support Files/Pods-Recruitment-iOS/Pods-Recruitment-iOS.release.xcconfig"; sourceTree = "<group>"; };
		43533FAEBB300D9B3901F72A /* Pods-Recruitment-iOS.debug.xcconfig */ = {isa = PBXFileReference; includeInIndex = 1; lastKnownFileType = text.xcconfig; name = "Pods-Recruitment-iOS.debug.xcconfig"; path = "Target Support Files/Pods-Recruitment-iOS/Pods-Recruitment-iOS.debug.xcconfig"; sourceTree = "<group>"; };
		6CC69739C530DD8D00942943 /* Pods_Recruitment_iOS.framework */ = {isa = PBXFileReference; explicitFileType = wrapper.framework; includeInIndex = 0; path = Pods_Recruitment_iOS.framework; sourceTree = BUILT_PRODUCTS_DIR; };
		A4802C1B1D8ACA5F0032AF25 /* Recruitment-iOS.app */ = {isa = PBXFileReference; explicitFileType = wrapper.application; includeInIndex = 0; path = "Recruitment-iOS.app"; sourceTree = BUILT_PRODUCTS_DIR; };
		A4802C2A1D8ACA5F0032AF25 /* Info.plist */ = {isa = PBXFileReference; lastKnownFileType = text.plist.xml; path = Info.plist; sourceTree = "<group>"; };
		A4802C321D8ACB320032AF25 /* AppDelegate.swift */ = {isa = PBXFileReference; fileEncoding = 4; lastKnownFileType = sourcecode.swift; path = AppDelegate.swift; sourceTree = "<group>"; };
		A4802C341D8ACB320032AF25 /* Assets.xcassets */ = {isa = PBXFileReference; lastKnownFileType = folder.assetcatalog; path = Assets.xcassets; sourceTree = "<group>"; };
		A4802C351D8ACB320032AF25 /* LaunchScreen.storyboard */ = {isa = PBXFileReference; fileEncoding = 4; lastKnownFileType = file.storyboard; path = LaunchScreen.storyboard; sourceTree = "<group>"; };
		A4802C401D8ACB7B0032AF25 /* Items.json */ = {isa = PBXFileReference; fileEncoding = 4; lastKnownFileType = text.json; path = Items.json; sourceTree = "<group>"; };
		A4802C411D8ACB7B0032AF25 /* Item1.json */ = {isa = PBXFileReference; fileEncoding = 4; lastKnownFileType = text.json; path = Item1.json; sourceTree = "<group>"; };
		A4802C421D8ACB7B0032AF25 /* Item2.json */ = {isa = PBXFileReference; fileEncoding = 4; lastKnownFileType = text.json; path = Item2.json; sourceTree = "<group>"; };
		A4802C431D8ACB7B0032AF25 /* Item3.json */ = {isa = PBXFileReference; fileEncoding = 4; lastKnownFileType = text.json; path = Item3.json; sourceTree = "<group>"; };
		A4802C441D8ACB7B0032AF25 /* Item4.json */ = {isa = PBXFileReference; fileEncoding = 4; lastKnownFileType = text.json; path = Item4.json; sourceTree = "<group>"; };
		A4802C451D8ACB7B0032AF25 /* Item5.json */ = {isa = PBXFileReference; fileEncoding = 4; lastKnownFileType = text.json; path = Item5.json; sourceTree = "<group>"; };
		A4802C4C1D8ACB840032AF25 /* ItemModel.swift */ = {isa = PBXFileReference; fileEncoding = 4; lastKnownFileType = sourcecode.swift; path = ItemModel.swift; sourceTree = "<group>"; };
		A4802C4D1D8ACB840032AF25 /* JSONParser.swift */ = {isa = PBXFileReference; fileEncoding = 4; lastKnownFileType = sourcecode.swift; path = JSONParser.swift; sourceTree = "<group>"; };
		A4802C4E1D8ACB840032AF25 /* NetworkingManager.swift */ = {isa = PBXFileReference; fileEncoding = 4; lastKnownFileType = sourcecode.swift; path = NetworkingManager.swift; sourceTree = "<group>"; };
		A4802C4F1D8ACB840032AF25 /* ItemDetailsModel.swift */ = {isa = PBXFileReference; fileEncoding = 4; lastKnownFileType = sourcecode.swift; path = ItemDetailsModel.swift; sourceTree = "<group>"; };
		DE259AD327258935000E2694 /* Coordinator+Restart.swift */ = {isa = PBXFileReference; lastKnownFileType = sourcecode.swift; path = "Coordinator+Restart.swift"; sourceTree = "<group>"; };
		DE259AD52725898F000E2694 /* NotificationName+Restart.swift */ = {isa = PBXFileReference; lastKnownFileType = sourcecode.swift; path = "NotificationName+Restart.swift"; sourceTree = "<group>"; };
		DE5F014C2724BA00004A6E11 /* MenuTab.swift */ = {isa = PBXFileReference; lastKnownFileType = sourcecode.swift; path = MenuTab.swift; sourceTree = "<group>"; };
		DE5F014E2724BAED004A6E11 /* MenuCoordinator.swift */ = {isa = PBXFileReference; lastKnownFileType = sourcecode.swift; path = MenuCoordinator.swift; sourceTree = "<group>"; };
		DE5F01512724BBE3004A6E11 /* TableViewTabCoordinator.swift */ = {isa = PBXFileReference; lastKnownFileType = sourcecode.swift; path = TableViewTabCoordinator.swift; sourceTree = "<group>"; };
		DE5F01532724BC51004A6E11 /* CollectionViewTabCoordinator.swift */ = {isa = PBXFileReference; lastKnownFileType = sourcecode.swift; path = CollectionViewTabCoordinator.swift; sourceTree = "<group>"; };
		DE5F01552724BC83004A6E11 /* TableViewCoordinator.swift */ = {isa = PBXFileReference; lastKnownFileType = sourcecode.swift; path = TableViewCoordinator.swift; sourceTree = "<group>"; };
		DE5F01582724BCDF004A6E11 /* CollectionViewCoordinator.swift */ = {isa = PBXFileReference; lastKnownFileType = sourcecode.swift; path = CollectionViewCoordinator.swift; sourceTree = "<group>"; };
		DE5F015A2724BD73004A6E11 /* Menu.storyboard */ = {isa = PBXFileReference; lastKnownFileType = file.storyboard; path = Menu.storyboard; sourceTree = "<group>"; };
		DE5F015C2724BDA4004A6E11 /* MenuViewController.swift */ = {isa = PBXFileReference; lastKnownFileType = sourcecode.swift; path = MenuViewController.swift; sourceTree = "<group>"; };
		DE5F015E2724C5E0004A6E11 /* Table.storyboard */ = {isa = PBXFileReference; lastKnownFileType = file.storyboard; path = Table.storyboard; sourceTree = "<group>"; };
		DE5F01602724C6B3004A6E11 /* TableViewController.swift */ = {isa = PBXFileReference; lastKnownFileType = sourcecode.swift; path = TableViewController.swift; sourceTree = "<group>"; };
		DE5F01622724C710004A6E11 /* TableView.swift */ = {isa = PBXFileReference; lastKnownFileType = sourcecode.swift; path = TableView.swift; sourceTree = "<group>"; };
		DE5F01642724C75B004A6E11 /* TableViewModel.swift */ = {isa = PBXFileReference; lastKnownFileType = sourcecode.swift; path = TableViewModel.swift; sourceTree = "<group>"; };
		DE61761C2725778A00E58CEA /* Collection.storyboard */ = {isa = PBXFileReference; lastKnownFileType = file.storyboard; path = Collection.storyboard; sourceTree = "<group>"; };
		DE61761E272577C500E58CEA /* CollectionView.swift */ = {isa = PBXFileReference; lastKnownFileType = sourcecode.swift; path = CollectionView.swift; sourceTree = "<group>"; };
		DE617620272577E200E58CEA /* CollectionViewController.swift */ = {isa = PBXFileReference; lastKnownFileType = sourcecode.swift; path = CollectionViewController.swift; sourceTree = "<group>"; };
		DE8EB81D2724DF04008C00A9 /* Details.storyboard */ = {isa = PBXFileReference; lastKnownFileType = file.storyboard; path = Details.storyboard; sourceTree = "<group>"; };
		DE8EB81F2724DF4E008C00A9 /* DetailsView.swift */ = {isa = PBXFileReference; lastKnownFileType = sourcecode.swift; path = DetailsView.swift; sourceTree = "<group>"; };
		DE8EB8212724DF83008C00A9 /* DetailsViewController.swift */ = {isa = PBXFileReference; lastKnownFileType = sourcecode.swift; path = DetailsViewController.swift; sourceTree = "<group>"; };
		DE8EB8232724DFB6008C00A9 /* DetailsViewModel.swift */ = {isa = PBXFileReference; lastKnownFileType = sourcecode.swift; path = DetailsViewModel.swift; sourceTree = "<group>"; };
		DEA0BCBC272578A6007592CC /* CollectionViewModel.swift */ = {isa = PBXFileReference; lastKnownFileType = sourcecode.swift; path = CollectionViewModel.swift; sourceTree = "<group>"; };
		DEA0BCBF27257C1E007592CC /* CollectionViewCell.xib */ = {isa = PBXFileReference; lastKnownFileType = file.xib; path = CollectionViewCell.xib; sourceTree = "<group>"; };
		DEA0BCC127257C5B007592CC /* CollectionViewCell.swift */ = {isa = PBXFileReference; lastKnownFileType = sourcecode.swift; path = CollectionViewCell.swift; sourceTree = "<group>"; };
		DEB6FB982724F28900E3A780 /* TableViewCell.swift */ = {isa = PBXFileReference; lastKnownFileType = sourcecode.swift; path = TableViewCell.swift; sourceTree = "<group>"; };
		DEB6FB9A2724F2AB00E3A780 /* TableViewCell.xib */ = {isa = PBXFileReference; lastKnownFileType = file.xib; path = TableViewCell.xib; sourceTree = "<group>"; };
		DEF1EFCC27246F5A003A26DD /* R.generated.swift */ = {isa = PBXFileReference; fileEncoding = 4; lastKnownFileType = sourcecode.swift; name = R.generated.swift; path = Generated/R.generated.swift; sourceTree = "<group>"; };
		DEF1EFD3272482B0003A26DD /* Coordinator.swift */ = {isa = PBXFileReference; lastKnownFileType = sourcecode.swift; path = Coordinator.swift; sourceTree = "<group>"; };
		DEF1EFD527248305003A26DD /* RxViewController.swift */ = {isa = PBXFileReference; lastKnownFileType = sourcecode.swift; path = RxViewController.swift; sourceTree = "<group>"; };
		DEF1EFD727248313003A26DD /* RxView.swift */ = {isa = PBXFileReference; lastKnownFileType = sourcecode.swift; path = RxView.swift; sourceTree = "<group>"; };
		DEF1EFD92724831F003A26DD /* ViewModel.swift */ = {isa = PBXFileReference; lastKnownFileType = sourcecode.swift; path = ViewModel.swift; sourceTree = "<group>"; };
		DEF1EFDE2724838C003A26DD /* Observable+Queue.swift */ = {isa = PBXFileReference; lastKnownFileType = sourcecode.swift; path = "Observable+Queue.swift"; sourceTree = "<group>"; };
		DEF1EFE427248DF3003A26DD /* ItemsRepository.swift */ = {isa = PBXFileReference; lastKnownFileType = sourcecode.swift; path = ItemsRepository.swift; sourceTree = "<group>"; };
		DEF1EFE727248EA6003A26DD /* Repository.swift */ = {isa = PBXFileReference; lastKnownFileType = sourcecode.swift; path = Repository.swift; sourceTree = "<group>"; };
		DEF1EFEA27249A0C003A26DD /* ItemsMapper.swift */ = {isa = PBXFileReference; lastKnownFileType = sourcecode.swift; path = ItemsMapper.swift; sourceTree = "<group>"; };
		DEF1EFEC27249B2F003A26DD /* DataMapperError.swift */ = {isa = PBXFileReference; lastKnownFileType = sourcecode.swift; path = DataMapperError.swift; sourceTree = "<group>"; };
		DEF1EFEE2724A582003A26DD /* Client.swift */ = {isa = PBXFileReference; lastKnownFileType = sourcecode.swift; path = Client.swift; sourceTree = "<group>"; };
		DEF1EFF52724B00F003A26DD /* StartView.swift */ = {isa = PBXFileReference; lastKnownFileType = sourcecode.swift; path = StartView.swift; sourceTree = "<group>"; };
		DEF1EFF72724B025003A26DD /* Start.storyboard */ = {isa = PBXFileReference; lastKnownFileType = file.storyboard; path = Start.storyboard; sourceTree = "<group>"; };
		DEF1EFF92724B032003A26DD /* StartViewController.swift */ = {isa = PBXFileReference; lastKnownFileType = sourcecode.swift; path = StartViewController.swift; sourceTree = "<group>"; };
		DEF1EFFB2724B03C003A26DD /* StartViewModel.swift */ = {isa = PBXFileReference; lastKnownFileType = sourcecode.swift; path = StartViewModel.swift; sourceTree = "<group>"; };
		DEF1EFFD2724B0A5003A26DD /* StartCoordinator.swift */ = {isa = PBXFileReference; lastKnownFileType = sourcecode.swift; path = StartCoordinator.swift; sourceTree = "<group>"; };
/* End PBXFileReference section */

/* Begin PBXFrameworksBuildPhase section */
		A4802C181D8ACA5F0032AF25 /* Frameworks */ = {
			isa = PBXFrameworksBuildPhase;
			buildActionMask = 2147483647;
			files = (
				3380FD4273234282C7644284 /* Pods_Recruitment_iOS.framework in Frameworks */,
			);
			runOnlyForDeploymentPostprocessing = 0;
		};
/* End PBXFrameworksBuildPhase section */

/* Begin PBXGroup section */
		1E58EF254FE18760C4868CDE /* Frameworks */ = {
			isa = PBXGroup;
			children = (
				6CC69739C530DD8D00942943 /* Pods_Recruitment_iOS.framework */,
			);
			name = Frameworks;
			sourceTree = "<group>";
		};
		877EAC77ED11F6DCD85C5116 /* Pods */ = {
			isa = PBXGroup;
			children = (
				43533FAEBB300D9B3901F72A /* Pods-Recruitment-iOS.debug.xcconfig */,
				26849FA2A69867B7EF617547 /* Pods-Recruitment-iOS.release.xcconfig */,
			);
			path = Pods;
			sourceTree = "<group>";
		};
		A4802C121D8ACA5F0032AF25 = {
			isa = PBXGroup;
			children = (
				A4802C1D1D8ACA5F0032AF25 /* Recruitment-iOS */,
				A4802C1C1D8ACA5F0032AF25 /* Products */,
				877EAC77ED11F6DCD85C5116 /* Pods */,
				1E58EF254FE18760C4868CDE /* Frameworks */,
			);
			sourceTree = "<group>";
		};
		A4802C1C1D8ACA5F0032AF25 /* Products */ = {
			isa = PBXGroup;
			children = (
				A4802C1B1D8ACA5F0032AF25 /* Recruitment-iOS.app */,
			);
			name = Products;
			sourceTree = "<group>";
		};
		A4802C1D1D8ACA5F0032AF25 /* Recruitment-iOS */ = {
			isa = PBXGroup;
			children = (
				DEF1EFCE27248225003A26DD /* Base */,
				DEF1EFDD27248377003A26DD /* Extensions */,
				DEF1EFF02724AF8D003A26DD /* Flow */,
				DEF1EFC927246DA9003A26DD /* Generated */,
				DEF1EFE9272499F6003A26DD /* Mappers */,
				DEF1EFE12724840A003A26DD /* Models */,
				A4802C3E1D8ACB6E0032AF25 /* Networking */,
				DEF1EFE327248DD5003A26DD /* Repositories */,
				DEF1EFE227248426003A26DD /* Resources */,
				DEF1EFE627248E9A003A26DD /* Utils */,
				DEF1EFE0272483D1003A26DD /* SupportingFiles */,
				A4802C2A1D8ACA5F0032AF25 /* Info.plist */,
			);
			path = "Recruitment-iOS";
			sourceTree = "<group>";
		};
		A4802C3E1D8ACB6E0032AF25 /* Networking */ = {
			isa = PBXGroup;
			children = (
				A4802C4E1D8ACB840032AF25 /* NetworkingManager.swift */,
			);
			name = Networking;
			sourceTree = "<group>";
		};
		A4802C3F1D8ACB740032AF25 /* JSON */ = {
			isa = PBXGroup;
			children = (
				A4802C401D8ACB7B0032AF25 /* Items.json */,
				A4802C411D8ACB7B0032AF25 /* Item1.json */,
				A4802C421D8ACB7B0032AF25 /* Item2.json */,
				A4802C431D8ACB7B0032AF25 /* Item3.json */,
				A4802C441D8ACB7B0032AF25 /* Item4.json */,
				A4802C451D8ACB7B0032AF25 /* Item5.json */,
			);
			name = JSON;
			sourceTree = "<group>";
		};
		DE5F014B2724B9F2004A6E11 /* Tabs */ = {
			isa = PBXGroup;
			children = (
				DE5F014C2724BA00004A6E11 /* MenuTab.swift */,
				DE5F01512724BBE3004A6E11 /* TableViewTabCoordinator.swift */,
				DE5F01532724BC51004A6E11 /* CollectionViewTabCoordinator.swift */,
			);
			name = Tabs;
			sourceTree = "<group>";
		};
		DE5F01502724BB9B004A6E11 /* TableView */ = {
			isa = PBXGroup;
			children = (
				DE6176192724F4BA00E58CEA /* Cell */,
				DE5F015E2724C5E0004A6E11 /* Table.storyboard */,
				DE5F01622724C710004A6E11 /* TableView.swift */,
				DE5F01642724C75B004A6E11 /* TableViewModel.swift */,
				DE5F01602724C6B3004A6E11 /* TableViewController.swift */,
				DE5F01552724BC83004A6E11 /* TableViewCoordinator.swift */,
			);
			name = TableView;
			sourceTree = "<group>";
		};
		DE5F01572724BCD2004A6E11 /* CollectionView */ = {
			isa = PBXGroup;
			children = (
				DEA0BCBE27257C0B007592CC /* Cell */,
				DE61761C2725778A00E58CEA /* Collection.storyboard */,
				DE61761E272577C500E58CEA /* CollectionView.swift */,
				DEA0BCBC272578A6007592CC /* CollectionViewModel.swift */,
				DE617620272577E200E58CEA /* CollectionViewController.swift */,
				DE5F01582724BCDF004A6E11 /* CollectionViewCoordinator.swift */,
			);
			name = CollectionView;
			sourceTree = "<group>";
		};
		DE6176192724F4BA00E58CEA /* Cell */ = {
			isa = PBXGroup;
			children = (
				DEB6FB982724F28900E3A780 /* TableViewCell.swift */,
				DEB6FB9A2724F2AB00E3A780 /* TableViewCell.xib */,
			);
			name = Cell;
			sourceTree = "<group>";
		};
		DE8EB81C2724DE99008C00A9 /* Details */ = {
			isa = PBXGroup;
			children = (
				DE8EB81D2724DF04008C00A9 /* Details.storyboard */,
				DE8EB81F2724DF4E008C00A9 /* DetailsView.swift */,
				DE8EB8232724DFB6008C00A9 /* DetailsViewModel.swift */,
				DE8EB8212724DF83008C00A9 /* DetailsViewController.swift */,
			);
			name = Details;
			sourceTree = "<group>";
		};
		DEA0BCBE27257C0B007592CC /* Cell */ = {
			isa = PBXGroup;
			children = (
				DEA0BCBF27257C1E007592CC /* CollectionViewCell.xib */,
				DEA0BCC127257C5B007592CC /* CollectionViewCell.swift */,
			);
			name = Cell;
			sourceTree = "<group>";
		};
		DEF1EFC927246DA9003A26DD /* Generated */ = {
			isa = PBXGroup;
			children = (
				DEF1EFCC27246F5A003A26DD /* R.generated.swift */,
			);
			name = Generated;
			sourceTree = "<group>";
		};
		DEF1EFCE27248225003A26DD /* Base */ = {
			isa = PBXGroup;
			children = (
				DEF1EFD3272482B0003A26DD /* Coordinator.swift */,
				DEF1EFD527248305003A26DD /* RxViewController.swift */,
				DEF1EFD727248313003A26DD /* RxView.swift */,
				DEF1EFD92724831F003A26DD /* ViewModel.swift */,
			);
			name = Base;
			sourceTree = "<group>";
		};
		DEF1EFDD27248377003A26DD /* Extensions */ = {
			isa = PBXGroup;
			children = (
				DEF1EFDE2724838C003A26DD /* Observable+Queue.swift */,
				DE259AD327258935000E2694 /* Coordinator+Restart.swift */,
				DE259AD52725898F000E2694 /* NotificationName+Restart.swift */,
			);
			name = Extensions;
			sourceTree = "<group>";
		};
		DEF1EFE0272483D1003A26DD /* SupportingFiles */ = {
			isa = PBXGroup;
			children = (
				A4802C351D8ACB320032AF25 /* LaunchScreen.storyboard */,
				A4802C321D8ACB320032AF25 /* AppDelegate.swift */,
			);
			name = SupportingFiles;
			sourceTree = "<group>";
		};
		DEF1EFE12724840A003A26DD /* Models */ = {
			isa = PBXGroup;
			children = (
				A4802C4F1D8ACB840032AF25 /* ItemDetailsModel.swift */,
				A4802C4C1D8ACB840032AF25 /* ItemModel.swift */,
			);
			name = Models;
			sourceTree = "<group>";
		};
		DEF1EFE227248426003A26DD /* Resources */ = {
			isa = PBXGroup;
			children = (
				A4802C341D8ACB320032AF25 /* Assets.xcassets */,
				A4802C3F1D8ACB740032AF25 /* JSON */,
			);
			name = Resources;
			sourceTree = "<group>";
		};
		DEF1EFE327248DD5003A26DD /* Repositories */ = {
			isa = PBXGroup;
			children = (
				DEF1EFE427248DF3003A26DD /* ItemsRepository.swift */,
			);
			name = Repositories;
			sourceTree = "<group>";
		};
		DEF1EFE627248E9A003A26DD /* Utils */ = {
			isa = PBXGroup;
			children = (
				A4802C4D1D8ACB840032AF25 /* JSONParser.swift */,
				DEF1EFE727248EA6003A26DD /* Repository.swift */,
				DEF1EFEC27249B2F003A26DD /* DataMapperError.swift */,
				DEF1EFEE2724A582003A26DD /* Client.swift */,
			);
			name = Utils;
			sourceTree = "<group>";
		};
		DEF1EFE9272499F6003A26DD /* Mappers */ = {
			isa = PBXGroup;
			children = (
				DEF1EFEA27249A0C003A26DD /* ItemsMapper.swift */,
			);
			name = Mappers;
			sourceTree = "<group>";
		};
		DEF1EFF02724AF8D003A26DD /* Flow */ = {
			isa = PBXGroup;
			children = (
				DEF1EFF12724AFA2003A26DD /* Start */,
				DEF1EFF22724AFB2003A26DD /* Menu */,
				DE5F01502724BB9B004A6E11 /* TableView */,
				DE5F01572724BCD2004A6E11 /* CollectionView */,
				DE8EB81C2724DE99008C00A9 /* Details */,
			);
			name = Flow;
			sourceTree = "<group>";
		};
		DEF1EFF12724AFA2003A26DD /* Start */ = {
			isa = PBXGroup;
			children = (
				DEF1EFF72724B025003A26DD /* Start.storyboard */,
				DEF1EFF52724B00F003A26DD /* StartView.swift */,
				DEF1EFFB2724B03C003A26DD /* StartViewModel.swift */,
				DEF1EFF92724B032003A26DD /* StartViewController.swift */,
				DEF1EFFD2724B0A5003A26DD /* StartCoordinator.swift */,
			);
			name = Start;
			sourceTree = "<group>";
		};
		DEF1EFF22724AFB2003A26DD /* Menu */ = {
			isa = PBXGroup;
			children = (
				DE5F014B2724B9F2004A6E11 /* Tabs */,
				DE5F014E2724BAED004A6E11 /* MenuCoordinator.swift */,
				DE5F015C2724BDA4004A6E11 /* MenuViewController.swift */,
				DE5F015A2724BD73004A6E11 /* Menu.storyboard */,
			);
			name = Menu;
			sourceTree = "<group>";
		};
/* End PBXGroup section */

/* Begin PBXNativeTarget section */
		A4802C1A1D8ACA5F0032AF25 /* Recruitment-iOS */ = {
			isa = PBXNativeTarget;
			buildConfigurationList = A4802C2D1D8ACA5F0032AF25 /* Build configuration list for PBXNativeTarget "Recruitment-iOS" */;
			buildPhases = (
				04224E484BA613F8609402BD /* [CP] Check Pods Manifest.lock */,
				DEF1EFC827246CE3003A26DD /* RSwift */,
				A4802C171D8ACA5F0032AF25 /* Sources */,
				A4802C181D8ACA5F0032AF25 /* Frameworks */,
				A4802C191D8ACA5F0032AF25 /* Resources */,
				BB082AB4C599984ADD57EF32 /* [CP] Embed Pods Frameworks */,
			);
			buildRules = (
			);
			dependencies = (
			);
			name = "Recruitment-iOS";
			productName = "Recruitment-iOS";
			productReference = A4802C1B1D8ACA5F0032AF25 /* Recruitment-iOS.app */;
			productType = "com.apple.product-type.application";
		};
/* End PBXNativeTarget section */

/* Begin PBXProject section */
		A4802C131D8ACA5F0032AF25 /* Project object */ = {
			isa = PBXProject;
			attributes = {
				LastSwiftUpdateCheck = 0730;
				LastUpgradeCheck = 1300;
				ORGANIZATIONNAME = "Untitled Kingdom";
				TargetAttributes = {
					A4802C1A1D8ACA5F0032AF25 = {
						CreatedOnToolsVersion = 7.3.1;
						DevelopmentTeam = 72VADQKT7F;
						LastSwiftMigration = 0920;
					};
				};
			};
			buildConfigurationList = A4802C161D8ACA5F0032AF25 /* Build configuration list for PBXProject "Recruitment-iOS" */;
			compatibilityVersion = "Xcode 3.2";
			developmentRegion = en;
			hasScannedForEncodings = 0;
			knownRegions = (
				en,
				Base,
			);
			mainGroup = A4802C121D8ACA5F0032AF25;
			productRefGroup = A4802C1C1D8ACA5F0032AF25 /* Products */;
			projectDirPath = "";
			projectRoot = "";
			targets = (
				A4802C1A1D8ACA5F0032AF25 /* Recruitment-iOS */,
			);
		};
/* End PBXProject section */

/* Begin PBXResourcesBuildPhase section */
		A4802C191D8ACA5F0032AF25 /* Resources */ = {
			isa = PBXResourcesBuildPhase;
			buildActionMask = 2147483647;
			files = (
				A4802C471D8ACB7B0032AF25 /* Item1.json in Resources */,
				A4802C461D8ACB7B0032AF25 /* Items.json in Resources */,
				A4802C491D8ACB7B0032AF25 /* Item3.json in Resources */,
				DE8EB81E2724DF04008C00A9 /* Details.storyboard in Resources */,
				DEB6FB9B2724F2AB00E3A780 /* TableViewCell.xib in Resources */,
				A4802C3B1D8ACB320032AF25 /* LaunchScreen.storyboard in Resources */,
				A4802C481D8ACB7B0032AF25 /* Item2.json in Resources */,
				DE5F015B2724BD73004A6E11 /* Menu.storyboard in Resources */,
				A4802C4A1D8ACB7B0032AF25 /* Item4.json in Resources */,
				DE5F015F2724C5E0004A6E11 /* Table.storyboard in Resources */,
				DE61761D2725778A00E58CEA /* Collection.storyboard in Resources */,
				A4802C4B1D8ACB7B0032AF25 /* Item5.json in Resources */,
				DEF1EFF82724B025003A26DD /* Start.storyboard in Resources */,
				A4802C3A1D8ACB320032AF25 /* Assets.xcassets in Resources */,
				DEA0BCC027257C1E007592CC /* CollectionViewCell.xib in Resources */,
			);
			runOnlyForDeploymentPostprocessing = 0;
		};
/* End PBXResourcesBuildPhase section */

/* Begin PBXShellScriptBuildPhase section */
		04224E484BA613F8609402BD /* [CP] Check Pods Manifest.lock */ = {
			isa = PBXShellScriptBuildPhase;
			buildActionMask = 2147483647;
			files = (
			);
			inputFileListPaths = (
			);
			inputPaths = (
				"${PODS_PODFILE_DIR_PATH}/Podfile.lock",
				"${PODS_ROOT}/Manifest.lock",
			);
			name = "[CP] Check Pods Manifest.lock";
			outputFileListPaths = (
			);
			outputPaths = (
				"$(DERIVED_FILE_DIR)/Pods-Recruitment-iOS-checkManifestLockResult.txt",
			);
			runOnlyForDeploymentPostprocessing = 0;
			shellPath = /bin/sh;
			shellScript = "diff \"${PODS_PODFILE_DIR_PATH}/Podfile.lock\" \"${PODS_ROOT}/Manifest.lock\" > /dev/null\nif [ $? != 0 ] ; then\n    # print error to STDERR\n    echo \"error: The sandbox is not in sync with the Podfile.lock. Run 'pod install' or update your CocoaPods installation.\" >&2\n    exit 1\nfi\n# This output is used by Xcode 'outputs' to avoid re-running this script phase.\necho \"SUCCESS\" > \"${SCRIPT_OUTPUT_FILE_0}\"\n";
			showEnvVarsInLog = 0;
		};
		BB082AB4C599984ADD57EF32 /* [CP] Embed Pods Frameworks */ = {
			isa = PBXShellScriptBuildPhase;
			buildActionMask = 2147483647;
			files = (
			);
			inputPaths = (
				"${PODS_ROOT}/Target Support Files/Pods-Recruitment-iOS/Pods-Recruitment-iOS-frameworks.sh",
				"${BUILT_PRODUCTS_DIR}/Alamofire/Alamofire.framework",
				"${BUILT_PRODUCTS_DIR}/R.swift.Library/Rswift.framework",
				"${BUILT_PRODUCTS_DIR}/RxCocoa/RxCocoa.framework",
				"${BUILT_PRODUCTS_DIR}/RxRelay/RxRelay.framework",
				"${BUILT_PRODUCTS_DIR}/RxSwift/RxSwift.framework",
				"${BUILT_PRODUCTS_DIR}/RxSwiftExt/RxSwiftExt.framework",
			);
			name = "[CP] Embed Pods Frameworks";
			outputPaths = (
				"${TARGET_BUILD_DIR}/${FRAMEWORKS_FOLDER_PATH}/Alamofire.framework",
				"${TARGET_BUILD_DIR}/${FRAMEWORKS_FOLDER_PATH}/Rswift.framework",
				"${TARGET_BUILD_DIR}/${FRAMEWORKS_FOLDER_PATH}/RxCocoa.framework",
				"${TARGET_BUILD_DIR}/${FRAMEWORKS_FOLDER_PATH}/RxRelay.framework",
				"${TARGET_BUILD_DIR}/${FRAMEWORKS_FOLDER_PATH}/RxSwift.framework",
				"${TARGET_BUILD_DIR}/${FRAMEWORKS_FOLDER_PATH}/RxSwiftExt.framework",
			);
			runOnlyForDeploymentPostprocessing = 0;
			shellPath = /bin/sh;
			shellScript = "\"${PODS_ROOT}/Target Support Files/Pods-Recruitment-iOS/Pods-Recruitment-iOS-frameworks.sh\"\n";
			showEnvVarsInLog = 0;
		};
		DEF1EFC827246CE3003A26DD /* RSwift */ = {
			isa = PBXShellScriptBuildPhase;
			buildActionMask = 2147483647;
			files = (
			);
			inputFileListPaths = (
			);
			inputPaths = (
				"$TEMP_DIR/rswift-lastrun",
			);
			name = RSwift;
			outputFileListPaths = (
			);
			outputPaths = (
				"$SRCROOT/Recruitment-iOS/Generated/R.generated.swift",
			);
			runOnlyForDeploymentPostprocessing = 0;
			shellPath = /bin/sh;
			shellScript = "if [ $ACTION != \"indexbuild\" ]; then\n  \"$PODS_ROOT/R.swift/rswift\" generate \"$SRCROOT/Recruitment-iOS/Generated/R.generated.swift\"\nfi\n\n";
		};
/* End PBXShellScriptBuildPhase section */

/* Begin PBXSourcesBuildPhase section */
		A4802C171D8ACA5F0032AF25 /* Sources */ = {
			isa = PBXSourcesBuildPhase;
			buildActionMask = 2147483647;
			files = (
				DE617621272577E200E58CEA /* CollectionViewController.swift in Sources */,
				DEA0BCBD272578A6007592CC /* CollectionViewModel.swift in Sources */,
				A4802C381D8ACB320032AF25 /* AppDelegate.swift in Sources */,
				DE5F01632724C710004A6E11 /* TableView.swift in Sources */,
				DE5F014F2724BAED004A6E11 /* MenuCoordinator.swift in Sources */,
				DE5F01592724BCDF004A6E11 /* CollectionViewCoordinator.swift in Sources */,
				DEF1EFF62724B00F003A26DD /* StartView.swift in Sources */,
				DEF1EFDF2724838C003A26DD /* Observable+Queue.swift in Sources */,
				DEF1EFFE2724B0A5003A26DD /* StartCoordinator.swift in Sources */,
				DE259AD62725898F000E2694 /* NotificationName+Restart.swift in Sources */,
				DE259AD427258935000E2694 /* Coordinator+Restart.swift in Sources */,
				DEF1EFE827248EA6003A26DD /* Repository.swift in Sources */,
				DEA0BCC227257C5B007592CC /* CollectionViewCell.swift in Sources */,
				DEF1EFEB27249A0C003A26DD /* ItemsMapper.swift in Sources */,
				DEF1EFFA2724B032003A26DD /* StartViewController.swift in Sources */,
				DE5F01612724C6B3004A6E11 /* TableViewController.swift in Sources */,
				DE5F015D2724BDA4004A6E11 /* MenuViewController.swift in Sources */,
				A4802C511D8ACB840032AF25 /* JSONParser.swift in Sources */,
				DE8EB8242724DFB6008C00A9 /* DetailsViewModel.swift in Sources */,
				DEF1EFFC2724B03C003A26DD /* StartViewModel.swift in Sources */,
				DE5F01652724C75B004A6E11 /* TableViewModel.swift in Sources */,
				DE61761F272577C500E58CEA /* CollectionView.swift in Sources */,
				DE5F01542724BC51004A6E11 /* CollectionViewTabCoordinator.swift in Sources */,
				DE8EB8222724DF83008C00A9 /* DetailsViewController.swift in Sources */,
				DE8EB8202724DF4E008C00A9 /* DetailsView.swift in Sources */,
				DEF1EFCD27246F5A003A26DD /* R.generated.swift in Sources */,
				DEF1EFD627248305003A26DD /* RxViewController.swift in Sources */,
				DEF1EFEF2724A582003A26DD /* Client.swift in Sources */,
				A4802C521D8ACB840032AF25 /* NetworkingManager.swift in Sources */,
				A4802C531D8ACB840032AF25 /* ItemDetailsModel.swift in Sources */,
				DEF1EFED27249B2F003A26DD /* DataMapperError.swift in Sources */,
				DE5F01522724BBE3004A6E11 /* TableViewTabCoordinator.swift in Sources */,
				DEF1EFE527248DF3003A26DD /* ItemsRepository.swift in Sources */,
				DE5F01562724BC83004A6E11 /* TableViewCoordinator.swift in Sources */,
				A4802C501D8ACB840032AF25 /* ItemModel.swift in Sources */,
				DEF1EFD827248313003A26DD /* RxView.swift in Sources */,
				DE5F014D2724BA00004A6E11 /* MenuTab.swift in Sources */,
				DEB6FB992724F28900E3A780 /* TableViewCell.swift in Sources */,
				DEF1EFDA2724831F003A26DD /* ViewModel.swift in Sources */,
				DEF1EFD4272482B0003A26DD /* Coordinator.swift in Sources */,
			);
			runOnlyForDeploymentPostprocessing = 0;
		};
/* End PBXSourcesBuildPhase section */

/* Begin XCBuildConfiguration section */
		A4802C2B1D8ACA5F0032AF25 /* Debug */ = {
			isa = XCBuildConfiguration;
			buildSettings = {
				ALWAYS_SEARCH_USER_PATHS = NO;
				CLANG_ANALYZER_LOCALIZABILITY_NONLOCALIZED = YES;
				CLANG_ANALYZER_NONNULL = YES;
				CLANG_CXX_LANGUAGE_STANDARD = "gnu++0x";
				CLANG_CXX_LIBRARY = "libc++";
				CLANG_ENABLE_MODULES = YES;
				CLANG_ENABLE_OBJC_ARC = YES;
				CLANG_WARN_BLOCK_CAPTURE_AUTORELEASING = YES;
				CLANG_WARN_BOOL_CONVERSION = YES;
				CLANG_WARN_COMMA = YES;
				CLANG_WARN_CONSTANT_CONVERSION = YES;
				CLANG_WARN_DEPRECATED_OBJC_IMPLEMENTATIONS = YES;
				CLANG_WARN_DIRECT_OBJC_ISA_USAGE = YES_ERROR;
				CLANG_WARN_EMPTY_BODY = YES;
				CLANG_WARN_ENUM_CONVERSION = YES;
				CLANG_WARN_INFINITE_RECURSION = YES;
				CLANG_WARN_INT_CONVERSION = YES;
				CLANG_WARN_NON_LITERAL_NULL_CONVERSION = YES;
				CLANG_WARN_OBJC_IMPLICIT_RETAIN_SELF = YES;
				CLANG_WARN_OBJC_LITERAL_CONVERSION = YES;
				CLANG_WARN_OBJC_ROOT_CLASS = YES_ERROR;
				CLANG_WARN_QUOTED_INCLUDE_IN_FRAMEWORK_HEADER = YES;
				CLANG_WARN_RANGE_LOOP_ANALYSIS = YES;
				CLANG_WARN_STRICT_PROTOTYPES = YES;
				CLANG_WARN_SUSPICIOUS_MOVE = YES;
				CLANG_WARN_UNREACHABLE_CODE = YES;
				CLANG_WARN__DUPLICATE_METHOD_MATCH = YES;
				"CODE_SIGN_IDENTITY[sdk=iphoneos*]" = "iPhone Developer";
				COPY_PHASE_STRIP = NO;
				DEBUG_INFORMATION_FORMAT = dwarf;
				ENABLE_STRICT_OBJC_MSGSEND = YES;
				ENABLE_TESTABILITY = YES;
				GCC_C_LANGUAGE_STANDARD = gnu99;
				GCC_DYNAMIC_NO_PIC = NO;
				GCC_NO_COMMON_BLOCKS = YES;
				GCC_OPTIMIZATION_LEVEL = 0;
				GCC_PREPROCESSOR_DEFINITIONS = (
					"DEBUG=1",
					"$(inherited)",
				);
				GCC_WARN_64_TO_32_BIT_CONVERSION = YES;
				GCC_WARN_ABOUT_RETURN_TYPE = YES_ERROR;
				GCC_WARN_UNDECLARED_SELECTOR = YES;
				GCC_WARN_UNINITIALIZED_AUTOS = YES_AGGRESSIVE;
				GCC_WARN_UNUSED_FUNCTION = YES;
				GCC_WARN_UNUSED_VARIABLE = YES;
				IPHONEOS_DEPLOYMENT_TARGET = 12.0;
				MTL_ENABLE_DEBUG_INFO = YES;
				ONLY_ACTIVE_ARCH = YES;
				SDKROOT = iphoneos;
				SWIFT_OPTIMIZATION_LEVEL = "-Onone";
			};
			name = Debug;
		};
		A4802C2C1D8ACA5F0032AF25 /* Release */ = {
			isa = XCBuildConfiguration;
			buildSettings = {
				ALWAYS_SEARCH_USER_PATHS = NO;
				CLANG_ANALYZER_LOCALIZABILITY_NONLOCALIZED = YES;
				CLANG_ANALYZER_NONNULL = YES;
				CLANG_CXX_LANGUAGE_STANDARD = "gnu++0x";
				CLANG_CXX_LIBRARY = "libc++";
				CLANG_ENABLE_MODULES = YES;
				CLANG_ENABLE_OBJC_ARC = YES;
				CLANG_WARN_BLOCK_CAPTURE_AUTORELEASING = YES;
				CLANG_WARN_BOOL_CONVERSION = YES;
				CLANG_WARN_COMMA = YES;
				CLANG_WARN_CONSTANT_CONVERSION = YES;
				CLANG_WARN_DEPRECATED_OBJC_IMPLEMENTATIONS = YES;
				CLANG_WARN_DIRECT_OBJC_ISA_USAGE = YES_ERROR;
				CLANG_WARN_EMPTY_BODY = YES;
				CLANG_WARN_ENUM_CONVERSION = YES;
				CLANG_WARN_INFINITE_RECURSION = YES;
				CLANG_WARN_INT_CONVERSION = YES;
				CLANG_WARN_NON_LITERAL_NULL_CONVERSION = YES;
				CLANG_WARN_OBJC_IMPLICIT_RETAIN_SELF = YES;
				CLANG_WARN_OBJC_LITERAL_CONVERSION = YES;
				CLANG_WARN_OBJC_ROOT_CLASS = YES_ERROR;
				CLANG_WARN_QUOTED_INCLUDE_IN_FRAMEWORK_HEADER = YES;
				CLANG_WARN_RANGE_LOOP_ANALYSIS = YES;
				CLANG_WARN_STRICT_PROTOTYPES = YES;
				CLANG_WARN_SUSPICIOUS_MOVE = YES;
				CLANG_WARN_UNREACHABLE_CODE = YES;
				CLANG_WARN__DUPLICATE_METHOD_MATCH = YES;
				"CODE_SIGN_IDENTITY[sdk=iphoneos*]" = "iPhone Developer";
				COPY_PHASE_STRIP = NO;
				DEBUG_INFORMATION_FORMAT = "dwarf-with-dsym";
				ENABLE_NS_ASSERTIONS = NO;
				ENABLE_STRICT_OBJC_MSGSEND = YES;
				GCC_C_LANGUAGE_STANDARD = gnu99;
				GCC_NO_COMMON_BLOCKS = YES;
				GCC_WARN_64_TO_32_BIT_CONVERSION = YES;
				GCC_WARN_ABOUT_RETURN_TYPE = YES_ERROR;
				GCC_WARN_UNDECLARED_SELECTOR = YES;
				GCC_WARN_UNINITIALIZED_AUTOS = YES_AGGRESSIVE;
				GCC_WARN_UNUSED_FUNCTION = YES;
				GCC_WARN_UNUSED_VARIABLE = YES;
				IPHONEOS_DEPLOYMENT_TARGET = 12.0;
				MTL_ENABLE_DEBUG_INFO = NO;
				SDKROOT = iphoneos;
				SWIFT_OPTIMIZATION_LEVEL = "-Owholemodule";
				VALIDATE_PRODUCT = YES;
			};
			name = Release;
		};
		A4802C2E1D8ACA5F0032AF25 /* Debug */ = {
			isa = XCBuildConfiguration;
			baseConfigurationReference = 43533FAEBB300D9B3901F72A /* Pods-Recruitment-iOS.debug.xcconfig */;
			buildSettings = {
				ASSETCATALOG_COMPILER_APPICON_NAME = AppIcon;
				CLANG_ENABLE_MODULES = YES;
				DEVELOPMENT_TEAM = 72VADQKT7F;
				INFOPLIST_FILE = "Recruitment-iOS/Info.plist";
				IPHONEOS_DEPLOYMENT_TARGET = 15.0;
				LD_RUNPATH_SEARCH_PATHS = "$(inherited) @executable_path/Frameworks";
				PRODUCT_BUNDLE_IDENTIFIER = "co.untitledkingdom.Recruitment-iOS";
				PRODUCT_NAME = "$(TARGET_NAME)";
				SWIFT_OPTIMIZATION_LEVEL = "-Onone";
				SWIFT_SWIFT3_OBJC_INFERENCE = Default;
				SWIFT_VERSION = 5.0;
			};
			name = Debug;
		};
		A4802C2F1D8ACA5F0032AF25 /* Release */ = {
			isa = XCBuildConfiguration;
			baseConfigurationReference = 26849FA2A69867B7EF617547 /* Pods-Recruitment-iOS.release.xcconfig */;
			buildSettings = {
				ASSETCATALOG_COMPILER_APPICON_NAME = AppIcon;
				CLANG_ENABLE_MODULES = YES;
				DEVELOPMENT_TEAM = 72VADQKT7F;
				INFOPLIST_FILE = "Recruitment-iOS/Info.plist";
				IPHONEOS_DEPLOYMENT_TARGET = 15.0;
				LD_RUNPATH_SEARCH_PATHS = "$(inherited) @executable_path/Frameworks";
				PRODUCT_BUNDLE_IDENTIFIER = "co.untitledkingdom.Recruitment-iOS";
				PRODUCT_NAME = "$(TARGET_NAME)";
				SWIFT_SWIFT3_OBJC_INFERENCE = Default;
				SWIFT_VERSION = 5.0;
			};
			name = Release;
		};
/* End XCBuildConfiguration section */

/* Begin XCConfigurationList section */
		A4802C161D8ACA5F0032AF25 /* Build configuration list for PBXProject "Recruitment-iOS" */ = {
			isa = XCConfigurationList;
			buildConfigurations = (
				A4802C2B1D8ACA5F0032AF25 /* Debug */,
				A4802C2C1D8ACA5F0032AF25 /* Release */,
			);
			defaultConfigurationIsVisible = 0;
			defaultConfigurationName = Release;
		};
		A4802C2D1D8ACA5F0032AF25 /* Build configuration list for PBXNativeTarget "Recruitment-iOS" */ = {
			isa = XCConfigurationList;
			buildConfigurations = (
				A4802C2E1D8ACA5F0032AF25 /* Debug */,
				A4802C2F1D8ACA5F0032AF25 /* Release */,
			);
			defaultConfigurationIsVisible = 0;
			defaultConfigurationName = Release;
		};
/* End XCConfigurationList section */
	};
	rootObject = A4802C131D8ACA5F0032AF25 /* Project object */;
}
